
Microsoft Visual Studio Solution File, Format Version 12.00
# Visual Studio Version 16
VisualStudioVersion = 16.0.31205.134
MinimumVisualStudioVersion = 10.0.40219.1
Project("{FAE04EC0-301F-11D3-BF4B-00C04F79EFBC}") = "Shifumi_Game", "Shifumi_Game\Shifumi_Game.csproj", "{CA8EC80F-6B68-4A6B-81AC-4D44F99021C5}"
EndProject
Project("{2150E333-8FDC-42A3-9474-1A3956D46DE8}") = "images", "images", "{23A62612-87A8-46C6-B150-4BB4B07DE8C4}"
	ProjectSection(SolutionItems) = preProject
		..\shi-fu-mi-shifugeek-boutique-cadeau-geek.jpg = ..\shi-fu-mi-shifugeek-boutique-cadeau-geek.jpg
		..\shifumi.jpg = ..\shifumi.jpg
	EndProjectSection
EndProject
Global
	GlobalSection(SolutionConfigurationPlatforms) = preSolution
		Debug|Any CPU = Debug|Any CPU
		Release|Any CPU = Release|Any CPU
	EndGlobalSection
	GlobalSection(ProjectConfigurationPlatforms) = postSolution
		{CA8EC80F-6B68-4A6B-81AC-4D44F99021C5}.Debug|Any CPU.ActiveCfg = Debug|Any CPU
		{CA8EC80F-6B68-4A6B-81AC-4D44F99021C5}.Debug|Any CPU.Build.0 = Debug|Any CPU
		{CA8EC80F-6B68-4A6B-81AC-4D44F99021C5}.Release|Any CPU.ActiveCfg = Release|Any CPU
		{CA8EC80F-6B68-4A6B-81AC-4D44F99021C5}.Release|Any CPU.Build.0 = Release|Any CPU
	EndGlobalSection
	GlobalSection(SolutionProperties) = preSolution
		HideSolutionNode = FALSE
	EndGlobalSection
	GlobalSection(ExtensibilityGlobals) = postSolution
		SolutionGuid = {C1EC9674-FD8C-41DC-8DCD-0A7EEACA998C}
	EndGlobalSection
EndGlobal
